version = 1
requires-python = ">=3.10"

[[package]]
name = "it-support-ticket-triage"
version = "1.0.0"
source = { editable = "." }
dependencies = [
  { name = "fastapi" },
  { name = "openai" },
  { name = "openenv-core" },
  { name = "pydantic" },
  { name = "requests" },
  { name = "uvicorn" },
]

[[package]]
name = "anyio"
version = "4.3.0"
source = { registry = "https://pypi.org/simple" }

[[package]]
name = "fastapi"
version = "0.110.0"
source = { registry = "https://pypi.org/simple" }
dependencies = [
  { name = "anyio" },
  { name = "pydantic" },
  { name = "starlette" },
  { name = "typing-extensions" },
]

[[package]]
name = "openai"
version = "1.12.0"
source = { registry = "https://pypi.org/simple" }
dependencies = [
  { name = "anyio" },
  { name = "pydantic" },
  { name = "requests" },
]

[[package]]
name = "openenv-core"
version = "0.2.0"
source = { registry = "https://pypi.org/simple" }

[[package]]
name = "pydantic"
version = "2.6.4"
source = { registry = "https://pypi.org/simple" }

[[package]]
name = "requests"
version = "2.31.0"
source = { registry = "https://pypi.org/simple" }

[[package]]
name = "starlette"
version = "0.36.3"
source = { registry = "https://pypi.org/simple" }

[[package]]
name = "typing-extensions"
version = "4.10.0"
source = { registry = "https://pypi.org/simple" }

[[package]]
name = "uvicorn"
version = "0.29.0"
source = { registry = "https://pypi.org/simple" }
